// !$*UTF8*$!
{
	archiveVersion = 1;
	classes = {
	};
	objectVersion = 46;
	objects = {

/* Begin PBXBuildFile section */
		AEA1785E2000176C00653C66 /* main.cpp in Sources */ = {isa = PBXBuildFile; fileRef = AEA1785D2000176C00653C66 /* main.cpp */; };
		AEA17866200017C200653C66 /* OpenGL.framework in Frameworks */ = {isa = PBXBuildFile; fileRef = AEA17865200017C200653C66 /* OpenGL.framework */; };
		AEA178682000182A00653C66 /* libGLEW.2.1.0.dylib in Frameworks */ = {isa = PBXBuildFile; fileRef = AEA178672000182A00653C66 /* libGLEW.2.1.0.dylib */; };
		AEA1786A2000184800653C66 /* libglfw3.3.1.dylib in Frameworks */ = {isa = PBXBuildFile; fileRef = AEA178692000184800653C66 /* libglfw3.3.1.dylib */; };
		AEB338BF20006DCA002795B6 /* taco.config.json in CopyFiles */ = {isa = PBXBuildFile; fileRef = AE11205B200027FF00946E26 /* taco.config.json */; };
		AECD89A42001846100B2B9F2 /* solid.vertex.glsl in CopyFiles */ = {isa = PBXBuildFile; fileRef = AECD89A22001832200B2B9F2 /* solid.vertex.glsl */; };
		AECD89A52001846100B2B9F2 /* solid.fragment.glsl in CopyFiles */ = {isa = PBXBuildFile; fileRef = AECD89A32001833100B2B9F2 /* solid.fragment.glsl */; };
		AED9F13720018D93006BB437 /* GLObject.cpp in Sources */ = {isa = PBXBuildFile; fileRef = AED9F12920018D93006BB437 /* GLObject.cpp */; };
		AED9F13820018D93006BB437 /* GLSLShader.cpp in Sources */ = {isa = PBXBuildFile; fileRef = AED9F12C20018D93006BB437 /* GLSLShader.cpp */; };
		AED9F13920018D93006BB437 /* ShaderManager.cpp in Sources */ = {isa = PBXBuildFile; fileRef = AED9F12E20018D93006BB437 /* ShaderManager.cpp */; };
		AED9F13A20018D93006BB437 /* ShaderProgram.cpp in Sources */ = {isa = PBXBuildFile; fileRef = AED9F13020018D93006BB437 /* ShaderProgram.cpp */; };
		AED9F13B20018D93006BB437 /* System.cpp in Sources */ = {isa = PBXBuildFile; fileRef = AED9F13320018D93006BB437 /* System.cpp */; };
		AED9F13C20018D93006BB437 /* WindowConfig.cpp in Sources */ = {isa = PBXBuildFile; fileRef = AED9F13520018D93006BB437 /* WindowConfig.cpp */; };
/* End PBXBuildFile section */

/* Begin PBXCopyFilesBuildPhase section */
		AEA178582000176C00653C66 /* CopyFiles */ = {
			isa = PBXCopyFilesBuildPhase;
			buildActionMask = 2147483647;
			dstPath = /usr/share/man/man1/;
			dstSubfolderSpec = 0;
			files = (
				AECD89A42001846100B2B9F2 /* solid.vertex.glsl in CopyFiles */,
				AECD89A52001846100B2B9F2 /* solid.fragment.glsl in CopyFiles */,
				AEB338BF20006DCA002795B6 /* taco.config.json in CopyFiles */,
			);
			runOnlyForDeploymentPostprocessing = 1;
		};
/* End PBXCopyFilesBuildPhase section */

/* Begin PBXFileReference section */
		AE11205A200025DD00946E26 /* json.hpp */ = {isa = PBXFileReference; fileEncoding = 4; lastKnownFileType = sourcecode.cpp.h; path = json.hpp; sourceTree = "<group>"; };
		AE11205B200027FF00946E26 /* taco.config.json */ = {isa = PBXFileReference; fileEncoding = 4; lastKnownFileType = text.json; path = taco.config.json; sourceTree = "<group>"; };
		AEA1785A2000176C00653C66 /* OGL - EGE */ = {isa = PBXFileReference; explicitFileType = "compiled.mach-o.executable"; includeInIndex = 0; path = "OGL - EGE"; sourceTree = BUILT_PRODUCTS_DIR; };
		AEA1785D2000176C00653C66 /* main.cpp */ = {isa = PBXFileReference; lastKnownFileType = sourcecode.cpp.cpp; path = main.cpp; sourceTree = "<group>"; };
		AEA17865200017C200653C66 /* OpenGL.framework */ = {isa = PBXFileReference; lastKnownFileType = wrapper.framework; name = OpenGL.framework; path = System/Library/Frameworks/OpenGL.framework; sourceTree = SDKROOT; };
		AEA178672000182A00653C66 /* libGLEW.2.1.0.dylib */ = {isa = PBXFileReference; lastKnownFileType = "compiled.mach-o.dylib"; name = libGLEW.2.1.0.dylib; path = ../../../../usr/local/lib/libGLEW.2.1.0.dylib; sourceTree = "<group>"; };
		AEA178692000184800653C66 /* libglfw3.3.1.dylib */ = {isa = PBXFileReference; lastKnownFileType = "compiled.mach-o.dylib"; name = libglfw3.3.1.dylib; path = ../../../../usr/local/Cellar/glfw3/3.1.2/lib/libglfw3.3.1.dylib; sourceTree = "<group>"; };
		AECD89A22001832200B2B9F2 /* solid.vertex.glsl */ = {isa = PBXFileReference; fileEncoding = 4; lastKnownFileType = text; path = solid.vertex.glsl; sourceTree = "<group>"; };
		AECD89A32001833100B2B9F2 /* solid.fragment.glsl */ = {isa = PBXFileReference; fileEncoding = 4; lastKnownFileType = text; path = solid.fragment.glsl; sourceTree = "<group>"; };
		AED9F12920018D93006BB437 /* GLObject.cpp */ = {isa = PBXFileReference; fileEncoding = 4; lastKnownFileType = sourcecode.cpp.cpp; path = GLObject.cpp; sourceTree = "<group>"; };
		AED9F12A20018D93006BB437 /* GLObject.hpp */ = {isa = PBXFileReference; fileEncoding = 4; lastKnownFileType = sourcecode.cpp.h; path = GLObject.hpp; sourceTree = "<group>"; };
		AED9F12C20018D93006BB437 /* GLSLShader.cpp */ = {isa = PBXFileReference; fileEncoding = 4; lastKnownFileType = sourcecode.cpp.cpp; path = GLSLShader.cpp; sourceTree = "<group>"; };
		AED9F12D20018D93006BB437 /* GLSLShader.hpp */ = {isa = PBXFileReference; fileEncoding = 4; lastKnownFileType = sourcecode.cpp.h; path = GLSLShader.hpp; sourceTree = "<group>"; };
		AED9F12E20018D93006BB437 /* ShaderManager.cpp */ = {isa = PBXFileReference; fileEncoding = 4; lastKnownFileType = sourcecode.cpp.cpp; path = ShaderManager.cpp; sourceTree = "<group>"; };
		AED9F12F20018D93006BB437 /* ShaderManager.hpp */ = {isa = PBXFileReference; fileEncoding = 4; lastKnownFileType = sourcecode.cpp.h; path = ShaderManager.hpp; sourceTree = "<group>"; };
		AED9F13020018D93006BB437 /* ShaderProgram.cpp */ = {isa = PBXFileReference; fileEncoding = 4; lastKnownFileType = sourcecode.cpp.cpp; path = ShaderProgram.cpp; sourceTree = "<group>"; };
		AED9F13120018D93006BB437 /* ShaderProgram.hpp */ = {isa = PBXFileReference; fileEncoding = 4; lastKnownFileType = sourcecode.cpp.h; path = ShaderProgram.hpp; sourceTree = "<group>"; };
		AED9F13320018D93006BB437 /* System.cpp */ = {isa = PBXFileReference; fileEncoding = 4; lastKnownFileType = sourcecode.cpp.cpp; path = System.cpp; sourceTree = "<group>"; };
		AED9F13420018D93006BB437 /* System.hpp */ = {isa = PBXFileReference; fileEncoding = 4; lastKnownFileType = sourcecode.cpp.h; path = System.hpp; sourceTree = "<group>"; };
		AED9F13520018D93006BB437 /* WindowConfig.cpp */ = {isa = PBXFileReference; fileEncoding = 4; lastKnownFileType = sourcecode.cpp.cpp; path = WindowConfig.cpp; sourceTree = "<group>"; };
		AED9F13620018D93006BB437 /* WindowConfig.hpp */ = {isa = PBXFileReference; fileEncoding = 4; lastKnownFileType = sourcecode.cpp.h; path = WindowConfig.hpp; sourceTree = "<group>"; };
/* End PBXFileReference section */

/* Begin PBXFrameworksBuildPhase section */
		AEA178572000176C00653C66 /* Frameworks */ = {
			isa = PBXFrameworksBuildPhase;
			buildActionMask = 2147483647;
			files = (
				AEA1786A2000184800653C66 /* libglfw3.3.1.dylib in Frameworks */,
				AEA178682000182A00653C66 /* libGLEW.2.1.0.dylib in Frameworks */,
				AEA17866200017C200653C66 /* OpenGL.framework in Frameworks */,
			);
			runOnlyForDeploymentPostprocessing = 0;
		};
/* End PBXFrameworksBuildPhase section */

/* Begin PBXGroup section */
		AEA178512000176C00653C66 = {
			isa = PBXGroup;
			children = (
				AEA1785C2000176C00653C66 /* OGL - EGE */,
				AEA1785B2000176C00653C66 /* Products */,
				AEA17864200017C200653C66 /* Frameworks */,
			);
			sourceTree = "<group>";
		};
		AEA1785B2000176C00653C66 /* Products */ = {
			isa = PBXGroup;
			children = (
				AEA1785A2000176C00653C66 /* OGL - EGE */,
			);
			name = Products;
			sourceTree = "<group>";
		};
		AEA1785C2000176C00653C66 /* OGL - EGE */ = {
			isa = PBXGroup;
			children = (
				AED9F12720018D93006BB437 /* engine */,
				AEA1786B200024BF00653C66 /* vendor */,
				AEA1785D2000176C00653C66 /* main.cpp */,
				AE11205B200027FF00946E26 /* taco.config.json */,
				AECD89A22001832200B2B9F2 /* solid.vertex.glsl */,
				AECD89A32001833100B2B9F2 /* solid.fragment.glsl */,
			);
			path = "OGL - EGE";
			sourceTree = "<group>";
		};
		AEA17864200017C200653C66 /* Frameworks */ = {
			isa = PBXGroup;
			children = (
				AEA178692000184800653C66 /* libglfw3.3.1.dylib */,
				AEA178672000182A00653C66 /* libGLEW.2.1.0.dylib */,
				AEA17865200017C200653C66 /* OpenGL.framework */,
			);
			name = Frameworks;
			sourceTree = "<group>";
		};
		AEA1786B200024BF00653C66 /* vendor */ = {
			isa = PBXGroup;
			children = (
				AE11205A200025DD00946E26 /* json.hpp */,
			);
			name = vendor;
			sourceTree = "<group>";
		};
		AED9F12720018D93006BB437 /* engine */ = {
			isa = PBXGroup;
			children = (
				AED9F12820018D93006BB437 /* object */,
				AED9F12B20018D93006BB437 /* shader */,
				AED9F13220018D93006BB437 /* system */,
			);
			path = engine;
			sourceTree = "<group>";
		};
		AED9F12820018D93006BB437 /* object */ = {
			isa = PBXGroup;
			children = (
				AED9F12920018D93006BB437 /* GLObject.cpp */,
				AED9F12A20018D93006BB437 /* GLObject.hpp */,
			);
			path = object;
			sourceTree = "<group>";
		};
		AED9F12B20018D93006BB437 /* shader */ = {
			isa = PBXGroup;
			children = (
				AED9F12C20018D93006BB437 /* GLSLShader.cpp */,
				AED9F12D20018D93006BB437 /* GLSLShader.hpp */,
				AED9F12E20018D93006BB437 /* ShaderManager.cpp */,
				AED9F12F20018D93006BB437 /* ShaderManager.hpp */,
				AED9F13020018D93006BB437 /* ShaderProgram.cpp */,
				AED9F13120018D93006BB437 /* ShaderProgram.hpp */,
			);
			path = shader;
			sourceTree = "<group>";
		};
		AED9F13220018D93006BB437 /* system */ = {
			isa = PBXGroup;
			children = (
				AED9F13320018D93006BB437 /* System.cpp */,
				AED9F13420018D93006BB437 /* System.hpp */,
				AED9F13520018D93006BB437 /* WindowConfig.cpp */,
				AED9F13620018D93006BB437 /* WindowConfig.hpp */,
			);
			path = system;
			sourceTree = "<group>";
		};
/* End PBXGroup section */

/* Begin PBXNativeTarget section */
		AEA178592000176C00653C66 /* OGL - EGE */ = {
			isa = PBXNativeTarget;
			buildConfigurationList = AEA178612000176C00653C66 /* Build configuration list for PBXNativeTarget "OGL - EGE" */;
			buildPhases = (
				AEA178562000176C00653C66 /* Sources */,
				AEA178572000176C00653C66 /* Frameworks */,
				AEA178582000176C00653C66 /* CopyFiles */,
			);
			buildRules = (
			);
			dependencies = (
			);
			name = "OGL - EGE";
			productName = "OGL - EGE";
			productReference = AEA1785A2000176C00653C66 /* OGL - EGE */;
			productType = "com.apple.product-type.tool";
		};
/* End PBXNativeTarget section */

/* Begin PBXProject section */
		AEA178522000176C00653C66 /* Project object */ = {
			isa = PBXProject;
			attributes = {
				LastUpgradeCheck = 0830;
				ORGANIZATIONNAME = "Johnathon Theriot";
				TargetAttributes = {
					AEA178592000176C00653C66 = {
						CreatedOnToolsVersion = 8.3.3;
						ProvisioningStyle = Automatic;
					};
				};
			};
			buildConfigurationList = AEA178552000176C00653C66 /* Build configuration list for PBXProject "OGL - EGE" */;
			compatibilityVersion = "Xcode 3.2";
			developmentRegion = English;
			hasScannedForEncodings = 0;
			knownRegions = (
				en,
			);
			mainGroup = AEA178512000176C00653C66;
			productRefGroup = AEA1785B2000176C00653C66 /* Products */;
			projectDirPath = "";
			projectRoot = "";
			targets = (
				AEA178592000176C00653C66 /* OGL - EGE */,
			);
		};
/* End PBXProject section */

/* Begin PBXSourcesBuildPhase section */
		AEA178562000176C00653C66 /* Sources */ = {
			isa = PBXSourcesBuildPhase;
			buildActionMask = 2147483647;
			files = (
				AED9F13B20018D93006BB437 /* System.cpp in Sources */,
				AED9F13C20018D93006BB437 /* WindowConfig.cpp in Sources */,
				AED9F13920018D93006BB437 /* ShaderManager.cpp in Sources */,
				AED9F13A20018D93006BB437 /* ShaderProgram.cpp in Sources */,
				AED9F13820018D93006BB437 /* GLSLShader.cpp in Sources */,
				AEA1785E2000176C00653C66 /* main.cpp in Sources */,
				AED9F13720018D93006BB437 /* GLObject.cpp in Sources */,
			);
			runOnlyForDeploymentPostprocessing = 0;
		};
/* End PBXSourcesBuildPhase section */

/* Begin XCBuildConfiguration section */
		AEA1785F2000176C00653C66 /* Debug */ = {
			isa = XCBuildConfiguration;
			buildSettings = {
				ALWAYS_SEARCH_USER_PATHS = NO;
				CLANG_ANALYZER_NONNULL = YES;
				CLANG_ANALYZER_NUMBER_OBJECT_CONVERSION = YES_AGGRESSIVE;
				CLANG_CXX_LANGUAGE_STANDARD = "gnu++0x";
				CLANG_CXX_LIBRARY = "libc++";
				CLANG_ENABLE_MODULES = YES;
				CLANG_ENABLE_OBJC_ARC = YES;
				CLANG_WARN_BOOL_CONVERSION = YES;
				CLANG_WARN_CONSTANT_CONVERSION = YES;
				CLANG_WARN_DIRECT_OBJC_ISA_USAGE = YES_ERROR;
				CLANG_WARN_DOCUMENTATION_COMMENTS = YES;
				CLANG_WARN_EMPTY_BODY = YES;
				CLANG_WARN_ENUM_CONVERSION = YES;
				CLANG_WARN_INFINITE_RECURSION = YES;
				CLANG_WARN_INT_CONVERSION = YES;
				CLANG_WARN_OBJC_ROOT_CLASS = YES_ERROR;
				CLANG_WARN_SUSPICIOUS_MOVE = YES;
				CLANG_WARN_UNREACHABLE_CODE = YES;
				CLANG_WARN__DUPLICATE_METHOD_MATCH = YES;
				CODE_SIGN_IDENTITY = "-";
				COPY_PHASE_STRIP = NO;
				DEBUG_INFORMATION_FORMAT = dwarf;
				ENABLE_STRICT_OBJC_MSGSEND = YES;
				ENABLE_TESTABILITY = YES;
				GCC_C_LANGUAGE_STANDARD = gnu99;
				GCC_DYNAMIC_NO_PIC = NO;
				GCC_NO_COMMON_BLOCKS = YES;
				GCC_OPTIMIZATION_LEVEL = 0;
				GCC_PREPROCESSOR_DEFINITIONS = (
					"DEBUG=1",
					"$(inherited)",
				);
				GCC_WARN_64_TO_32_BIT_CONVERSION = YES;
				GCC_WARN_ABOUT_RETURN_TYPE = YES_ERROR;
				GCC_WARN_UNDECLARED_SELECTOR = YES;
				GCC_WARN_UNINITIALIZED_AUTOS = YES_AGGRESSIVE;
				GCC_WARN_UNUSED_FUNCTION = YES;
				GCC_WARN_UNUSED_VARIABLE = YES;
				MACOSX_DEPLOYMENT_TARGET = 10.12;
				MTL_ENABLE_DEBUG_INFO = YES;
				ONLY_ACTIVE_ARCH = YES;
				SDKROOT = macosx;
			};
			name = Debug;
		};
		AEA178602000176C00653C66 /* Release */ = {
			isa = XCBuildConfiguration;
			buildSettings = {
				ALWAYS_SEARCH_USER_PATHS = NO;
				CLANG_ANALYZER_NONNULL = YES;
				CLANG_ANALYZER_NUMBER_OBJECT_CONVERSION = YES_AGGRESSIVE;
				CLANG_CXX_LANGUAGE_STANDARD = "gnu++0x";
				CLANG_CXX_LIBRARY = "libc++";
				CLANG_ENABLE_MODULES = YES;
				CLANG_ENABLE_OBJC_ARC = YES;
				CLANG_WARN_BOOL_CONVERSION = YES;
				CLANG_WARN_CONSTANT_CONVERSION = YES;
				CLANG_WARN_DIRECT_OBJC_ISA_USAGE = YES_ERROR;
				CLANG_WARN_DOCUMENTATION_COMMENTS = YES;
				CLANG_WARN_EMPTY_BODY = YES;
				CLANG_WARN_ENUM_CONVERSION = YES;
				CLANG_WARN_INFINITE_RECURSION = YES;
				CLANG_WARN_INT_CONVERSION = YES;
				CLANG_WARN_OBJC_ROOT_CLASS = YES_ERROR;
				CLANG_WARN_SUSPICIOUS_MOVE = YES;
				CLANG_WARN_UNREACHABLE_CODE = YES;
				CLANG_WARN__DUPLICATE_METHOD_MATCH = YES;
				CODE_SIGN_IDENTITY = "-";
				COPY_PHASE_STRIP = NO;
				DEBUG_INFORMATION_FORMAT = "dwarf-with-dsym";
				ENABLE_NS_ASSERTIONS = NO;
				ENABLE_STRICT_OBJC_MSGSEND = YES;
				GCC_C_LANGUAGE_STANDARD = gnu99;
				GCC_NO_COMMON_BLOCKS = YES;
				GCC_WARN_64_TO_32_BIT_CONVERSION = YES;
				GCC_WARN_ABOUT_RETURN_TYPE = YES_ERROR;
				GCC_WARN_UNDECLARED_SELECTOR = YES;
				GCC_WARN_UNINITIALIZED_AUTOS = YES_AGGRESSIVE;
				GCC_WARN_UNUSED_FUNCTION = YES;
				GCC_WARN_UNUSED_VARIABLE = YES;
				MACOSX_DEPLOYMENT_TARGET = 10.12;
				MTL_ENABLE_DEBUG_INFO = NO;
				SDKROOT = macosx;
			};
			name = Release;
		};
		AEA178622000176C00653C66 /* Debug */ = {
			isa = XCBuildConfiguration;
			buildSettings = {
				HEADER_SEARCH_PATHS = /usr/local/include;
				LIBRARY_SEARCH_PATHS = (
					"$(inherited)",
					/usr/local/Cellar/glfw3/3.1.2/lib,
					/usr/local/lib,
				);
				PRODUCT_NAME = "$(TARGET_NAME)";
			};
			name = Debug;
		};
		AEA178632000176C00653C66 /* Release */ = {
			isa = XCBuildConfiguration;
			buildSettings = {
				HEADER_SEARCH_PATHS = /usr/local/include;
				LIBRARY_SEARCH_PATHS = (
					"$(inherited)",
					/usr/local/Cellar/glfw3/3.1.2/lib,
					/usr/local/lib,
				);
				PRODUCT_NAME = "$(TARGET_NAME)";
			};
			name = Release;
		};
/* End XCBuildConfiguration section */

/* Begin XCConfigurationList section */
		AEA178552000176C00653C66 /* Build configuration list for PBXProject "OGL - EGE" */ = {
			isa = XCConfigurationList;
			buildConfigurations = (
				AEA1785F2000176C00653C66 /* Debug */,
				AEA178602000176C00653C66 /* Release */,
			);
			defaultConfigurationIsVisible = 0;
			defaultConfigurationName = Release;
		};
		AEA178612000176C00653C66 /* Build configuration list for PBXNativeTarget "OGL - EGE" */ = {
			isa = XCConfigurationList;
			buildConfigurations = (
				AEA178622000176C00653C66 /* Debug */,
				AEA178632000176C00653C66 /* Release */,
			);
			defaultConfigurationIsVisible = 0;
			defaultConfigurationName = Release;
		};
/* End XCConfigurationList section */
	};
	rootObject = AEA178522000176C00653C66 /* Project object */;
}
